// !$*UTF8*$!
{
	archiveVersion = 1;
	classes = {
	};
	objectVersion = 52;
	objects = {

/* Begin PBXBuildFile section */
		0810ACB88F8EF259C01C583671819AD8 /* ContentView.swift in Sources */ = {isa = PBXBuildFile; fileRef = A5D5A40A2BC1BEC3D55EB3BDAE951180 /* ContentView.swift */; };
		20DB5A6AAF7ED515A6748A8793FEA1BC /* KResignError.swift in Sources */ = {isa = PBXBuildFile; fileRef = E8148668C9DB15AFA8AB2DD219751441 /* KResignError.swift */; };
		23705820D18535B6321B66EAD20E70EF /* AppProvisioningProfileInfo.swift in Sources */ = {isa = PBXBuildFile; fileRef = B6CA2F81FCB5D99380A81B6B8BC74E7D /* AppProvisioningProfileInfo.swift */; };
		2CF162F9785F8FA7D943A7FA1C58A7E4 /* CertificatePicker.swift in Sources */ = {isa = PBXBuildFile; fileRef = E73A6F214D61E9C2D37ED3012220600B /* CertificatePicker.swift */; };
		3081D54F19DAE7C107B2972AE11361F4 /* Localizable.strings in Resources */ = {isa = PBXBuildFile; fileRef = 4CCFCB48DCB5517A6FB4BD22C9C24797 /* Localizable.strings */; };
		3EFADB5F4A8C16325F4BD8EB0845578D /* WarningModifier.swift in Sources */ = {isa = PBXBuildFile; fileRef = 4ECD6D0411ED1E31B6BA3A8431591630 /* WarningModifier.swift */; };
		492DDEDE5EF037F3F37033B64C2F76BC /* Certificate.swift in Sources */ = {isa = PBXBuildFile; fileRef = 758260349C00B80928D866D93D1365D0 /* Certificate.swift */; };
		529F2BABA17E7C65C71C2B0364E9DC33 /* FileHelper.swift in Sources */ = {isa = PBXBuildFile; fileRef = F9335E9FF0EC2FA8A329A5EB02DAF17B /* FileHelper.swift */; };
		5883906277035F2EF47811267118C7DF /* VersionPicker.swift in Sources */ = {isa = PBXBuildFile; fileRef = CA95FEC2EA3BC8A39DB72794FA85ED30 /* VersionPicker.swift */; };
		5A71FFF25CE426941B3901AB88CCFDC2 /* ProvisioningProfileManager.swift in Sources */ = {isa = PBXBuildFile; fileRef = 82A2BB95CEF680275BEF138449105446 /* ProvisioningProfileManager.swift */; };
		62B085AAAB0D273ADA8F549BDD14A3FA /* ResultSavePathPicker.swift in Sources */ = {isa = PBXBuildFile; fileRef = C63FD58E65D47F679D626BB23595F4CA /* ResultSavePathPicker.swift */; };
		63CD1FB87225CA84AC6DB514816CF522 /* AppProvisioningProfilesGroupView.swift in Sources */ = {isa = PBXBuildFile; fileRef = 6A9726589AC7167E92472B4BFA23D0B2 /* AppProvisioningProfilesGroupView.swift */; };
		63ECDD0A28DB762B00597FC7 /* MobileProvision in Frameworks */ = {isa = PBXBuildFile; productRef = 63ECDD0928DB762B00597FC7 /* MobileProvision */; };
		7A082DD44D47CE117934AAE03E86259C /* Formatter.swift in Sources */ = {isa = PBXBuildFile; fileRef = 5BD2B88DC8DD0824A2AE4F4BA3306C29 /* Formatter.swift */; };
		8054F88643E305BF2BB44C7A7A1A8EF7 /* CertificatesManager.swift in Sources */ = {isa = PBXBuildFile; fileRef = 381DDABA9C32EF7321823D632F2509C9 /* CertificatesManager.swift */; };
		9050F7ABADDC3FB68419BE43C7BF0E21 /* ResignTools.swift in Sources */ = {isa = PBXBuildFile; fileRef = 52FA72330F61FFDADC36797F844EC04A /* ResignTools.swift */; };
		A311B38272147FDBEC5075C1217DF646 /* KResignApp.swift in Sources */ = {isa = PBXBuildFile; fileRef = 9E8E1ADB1D2BA7348B6ED532B1412E53 /* KResignApp.swift */; };
		A921E9AC017710140451DA3899D65632 /* ProvisioningProfile.swift in Sources */ = {isa = PBXBuildFile; fileRef = E74A9DA41FF0685D5835381672AC2161 /* ProvisioningProfile.swift */; };
		BA16172032029FFE59BA848193FDA96C /* Assets.xcassets in Resources */ = {isa = PBXBuildFile; fileRef = 0E09BD851B05289D0BE15C27B813B477 /* Assets.xcassets */; };
		C254374B008A59F3B0764FA519489B28 /* LogView.swift in Sources */ = {isa = PBXBuildFile; fileRef = 22DB4961A58507A9083673C002F88FE3 /* LogView.swift */; };
		CC33718C0E303919A68F135CB271C8C6 /* Preview Assets.xcassets in Resources */ = {isa = PBXBuildFile; fileRef = BDCCCFEAAD213636C70C30BB4595B773 /* Preview Assets.xcassets */; };
		D46B078CC47E06723D9976C34C16E383 /* Constant.swift in Sources */ = {isa = PBXBuildFile; fileRef = 01DF566196B752C50B6AC1772BEE0AAB /* Constant.swift */; };
		DEF05747C72F9684E701FC360CB21046 /* ToolView.swift in Sources */ = {isa = PBXBuildFile; fileRef = 6A85320FC7AC9E4753C23939BC47C4A3 /* ToolView.swift */; };
		E3D1AA3E63EBCA28FCCC2E5EBCBAAFF2 /* Logger.swift in Sources */ = {isa = PBXBuildFile; fileRef = FDB15FB86AD2CD215D1FF4D747838E44 /* Logger.swift */; };
		ED77E2D1B612D4789CEC1EA80314A37F /* resign.sh in Resources */ = {isa = PBXBuildFile; fileRef = 1909B5EC82B26B7CE80162C965355595 /* resign.sh */; };
		F43F6230C9EE8DBE1B90859247F96EB6 /* ProvisioningProfilePicker.swift in Sources */ = {isa = PBXBuildFile; fileRef = 02D9BCE33A107F245853D60E851DD965 /* ProvisioningProfilePicker.swift */; };
		F7CC2617A7033EFFEBB144DEC1D80EFB /* IPATools.swift in Sources */ = {isa = PBXBuildFile; fileRef = 0AA3E8A6792593040988847B2DAC3764 /* IPATools.swift */; };
		FC74B23330AF68F343CF91CF43363012 /* IPAPicker.swift in Sources */ = {isa = PBXBuildFile; fileRef = 0767F6BEA140BA7E4EF9535C28C23764 /* IPAPicker.swift */; };
/* End PBXBuildFile section */

/* Begin PBXFileReference section */
		01DF566196B752C50B6AC1772BEE0AAB /* Constant.swift */ = {isa = PBXFileReference; lastKnownFileType = sourcecode.swift; path = Constant.swift; sourceTree = "<group>"; };
		02D9BCE33A107F245853D60E851DD965 /* ProvisioningProfilePicker.swift */ = {isa = PBXFileReference; lastKnownFileType = sourcecode.swift; path = ProvisioningProfilePicker.swift; sourceTree = "<group>"; };
		0767F6BEA140BA7E4EF9535C28C23764 /* IPAPicker.swift */ = {isa = PBXFileReference; lastKnownFileType = sourcecode.swift; path = IPAPicker.swift; sourceTree = "<group>"; };
		0AA3E8A6792593040988847B2DAC3764 /* IPATools.swift */ = {isa = PBXFileReference; lastKnownFileType = sourcecode.swift; path = IPATools.swift; sourceTree = "<group>"; };
		0E09BD851B05289D0BE15C27B813B477 /* Assets.xcassets */ = {isa = PBXFileReference; lastKnownFileType = folder.assetcatalog; path = Assets.xcassets; sourceTree = "<group>"; };
		1909B5EC82B26B7CE80162C965355595 /* resign.sh */ = {isa = PBXFileReference; fileEncoding = 4; lastKnownFileType = text.script.sh; path = resign.sh; sourceTree = "<group>"; };
		22DB4961A58507A9083673C002F88FE3 /* LogView.swift */ = {isa = PBXFileReference; lastKnownFileType = sourcecode.swift; path = LogView.swift; sourceTree = "<group>"; };
		29E3B6087339BCCBB948CAB445407C5E /* KResign.entitlements */ = {isa = PBXFileReference; lastKnownFileType = text.plist.entitlements; path = KResign.entitlements; sourceTree = "<group>"; };
		381DDABA9C32EF7321823D632F2509C9 /* CertificatesManager.swift */ = {isa = PBXFileReference; lastKnownFileType = sourcecode.swift; path = CertificatesManager.swift; sourceTree = "<group>"; };
		3874DADEED95C312A423F5C144530C89 /* zh-Hans */ = {isa = PBXFileReference; lastKnownFileType = text.plist.strings; name = "zh-Hans"; path = "zh-Hans.lproj/Localizable.strings"; sourceTree = "<group>"; };
		4ECD6D0411ED1E31B6BA3A8431591630 /* WarningModifier.swift */ = {isa = PBXFileReference; lastKnownFileType = sourcecode.swift; path = WarningModifier.swift; sourceTree = "<group>"; };
		52FA72330F61FFDADC36797F844EC04A /* ResignTools.swift */ = {isa = PBXFileReference; lastKnownFileType = sourcecode.swift; path = ResignTools.swift; sourceTree = "<group>"; };
		5BD2B88DC8DD0824A2AE4F4BA3306C29 /* Formatter.swift */ = {isa = PBXFileReference; lastKnownFileType = sourcecode.swift; path = Formatter.swift; sourceTree = "<group>"; };
		5E02E6E8D42CDE46D71D10CB3EDC5CEE /* KResign.app */ = {isa = PBXFileReference; explicitFileType = wrapper.application; includeInIndex = 0; path = KResign.app; sourceTree = BUILT_PRODUCTS_DIR; };
		63ECDD0B28DB76C800597FC7 /* MobileProvision */ = {isa = PBXFileReference; lastKnownFileType = wrapper; name = MobileProvision; path = ../../MobileProvision; sourceTree = "<group>"; };
		6A85320FC7AC9E4753C23939BC47C4A3 /* ToolView.swift */ = {isa = PBXFileReference; lastKnownFileType = sourcecode.swift; path = ToolView.swift; sourceTree = "<group>"; };
		6A9726589AC7167E92472B4BFA23D0B2 /* AppProvisioningProfilesGroupView.swift */ = {isa = PBXFileReference; lastKnownFileType = sourcecode.swift; path = AppProvisioningProfilesGroupView.swift; sourceTree = "<group>"; };
		758260349C00B80928D866D93D1365D0 /* Certificate.swift */ = {isa = PBXFileReference; lastKnownFileType = sourcecode.swift; path = Certificate.swift; sourceTree = "<group>"; };
		82A2BB95CEF680275BEF138449105446 /* ProvisioningProfileManager.swift */ = {isa = PBXFileReference; lastKnownFileType = sourcecode.swift; path = ProvisioningProfileManager.swift; sourceTree = "<group>"; };
		9E8E1ADB1D2BA7348B6ED532B1412E53 /* KResignApp.swift */ = {isa = PBXFileReference; lastKnownFileType = sourcecode.swift; path = KResignApp.swift; sourceTree = "<group>"; };
		A5D5A40A2BC1BEC3D55EB3BDAE951180 /* ContentView.swift */ = {isa = PBXFileReference; lastKnownFileType = sourcecode.swift; path = ContentView.swift; sourceTree = "<group>"; };
		B6CA2F81FCB5D99380A81B6B8BC74E7D /* AppProvisioningProfileInfo.swift */ = {isa = PBXFileReference; lastKnownFileType = sourcecode.swift; path = AppProvisioningProfileInfo.swift; sourceTree = "<group>"; };
		BDCCCFEAAD213636C70C30BB4595B773 /* Preview Assets.xcassets */ = {isa = PBXFileReference; lastKnownFileType = folder.assetcatalog; path = "Preview Assets.xcassets"; sourceTree = "<group>"; };
		C63FD58E65D47F679D626BB23595F4CA /* ResultSavePathPicker.swift */ = {isa = PBXFileReference; lastKnownFileType = sourcecode.swift; path = ResultSavePathPicker.swift; sourceTree = "<group>"; };
		CA95FEC2EA3BC8A39DB72794FA85ED30 /* VersionPicker.swift */ = {isa = PBXFileReference; lastKnownFileType = sourcecode.swift; path = VersionPicker.swift; sourceTree = "<group>"; };
		E372E773B3A86DFD18B49C244F07447E /* en */ = {isa = PBXFileReference; lastKnownFileType = text.plist.strings; name = en; path = en.lproj/Localizable.strings; sourceTree = "<group>"; };
		E73A6F214D61E9C2D37ED3012220600B /* CertificatePicker.swift */ = {isa = PBXFileReference; lastKnownFileType = sourcecode.swift; path = CertificatePicker.swift; sourceTree = "<group>"; };
		E74A9DA41FF0685D5835381672AC2161 /* ProvisioningProfile.swift */ = {isa = PBXFileReference; lastKnownFileType = sourcecode.swift; path = ProvisioningProfile.swift; sourceTree = "<group>"; };
		E8148668C9DB15AFA8AB2DD219751441 /* KResignError.swift */ = {isa = PBXFileReference; lastKnownFileType = sourcecode.swift; path = KResignError.swift; sourceTree = "<group>"; };
		F9335E9FF0EC2FA8A329A5EB02DAF17B /* FileHelper.swift */ = {isa = PBXFileReference; lastKnownFileType = sourcecode.swift; path = FileHelper.swift; sourceTree = "<group>"; };
		FCE5D5C0271CBDFE39860D7FE0145038 /* Info.plist */ = {isa = PBXFileReference; lastKnownFileType = text.plist.xml; path = Info.plist; sourceTree = "<group>"; };
		FDB15FB86AD2CD215D1FF4D747838E44 /* Logger.swift */ = {isa = PBXFileReference; lastKnownFileType = sourcecode.swift; path = Logger.swift; sourceTree = "<group>"; };
/* End PBXFileReference section */

/* Begin PBXFrameworksBuildPhase section */
		998E1E36680E0171463117B443F6749D /* Frameworks */ = {
			isa = PBXFrameworksBuildPhase;
			buildActionMask = 2147483647;
			files = (
				63ECDD0A28DB762B00597FC7 /* MobileProvision in Frameworks */,
			);
			runOnlyForDeploymentPostprocessing = 0;
		};
/* End PBXFrameworksBuildPhase section */

/* Begin PBXGroup section */
		0084D1205AF7F9C9190AB5A2CEDF6415 /* KResign */ = {
			isa = PBXGroup;
			children = (
				B48F04A549C003222745F97204864CDD /* Model */,
				4FDA4C3A05668F5694DF384E0ED7D2B5 /* Preview Content */,
				0648C70E10AB926904531A4B22A06988 /* Resources */,
				4E58415CA195CCDA608004C3CA120D66 /* Util */,
				406B4882F5A57E2D4105CE9DB0962C5E /* Views */,
				0E09BD851B05289D0BE15C27B813B477 /* Assets.xcassets */,
				A5D5A40A2BC1BEC3D55EB3BDAE951180 /* ContentView.swift */,
				FCE5D5C0271CBDFE39860D7FE0145038 /* Info.plist */,
				29E3B6087339BCCBB948CAB445407C5E /* KResign.entitlements */,
				9E8E1ADB1D2BA7348B6ED532B1412E53 /* KResignApp.swift */,
				63ECDD0B28DB76C800597FC7 /* MobileProvision */,
			);
			path = KResign;
			sourceTree = "<group>";
		};
		0648C70E10AB926904531A4B22A06988 /* Resources */ = {
			isa = PBXGroup;
			children = (
				4CCFCB48DCB5517A6FB4BD22C9C24797 /* Localizable.strings */,
			);
			path = Resources;
			sourceTree = "<group>";
		};
		32FD8391CBB8A20E5151DD88CC024B2B = {
			isa = PBXGroup;
			children = (
				0084D1205AF7F9C9190AB5A2CEDF6415 /* KResign */,
				7752019ADDB3E90423174040D0A13D39 /* Products */,
			);
			sourceTree = "<group>";
		};
		406B4882F5A57E2D4105CE9DB0962C5E /* Views */ = {
			isa = PBXGroup;
			children = (
				80147849011D47BA6EB133D9A1F1052B /* Picker */,
				6A9726589AC7167E92472B4BFA23D0B2 /* AppProvisioningProfilesGroupView.swift */,
				22DB4961A58507A9083673C002F88FE3 /* LogView.swift */,
				6A85320FC7AC9E4753C23939BC47C4A3 /* ToolView.swift */,
				4ECD6D0411ED1E31B6BA3A8431591630 /* WarningModifier.swift */,
			);
			path = Views;
			sourceTree = "<group>";
		};
		4E58415CA195CCDA608004C3CA120D66 /* Util */ = {
			isa = PBXGroup;
			children = (
				381DDABA9C32EF7321823D632F2509C9 /* CertificatesManager.swift */,
				01DF566196B752C50B6AC1772BEE0AAB /* Constant.swift */,
				F9335E9FF0EC2FA8A329A5EB02DAF17B /* FileHelper.swift */,
				5BD2B88DC8DD0824A2AE4F4BA3306C29 /* Formatter.swift */,
				0AA3E8A6792593040988847B2DAC3764 /* IPATools.swift */,
				E8148668C9DB15AFA8AB2DD219751441 /* KResignError.swift */,
				FDB15FB86AD2CD215D1FF4D747838E44 /* Logger.swift */,
				82A2BB95CEF680275BEF138449105446 /* ProvisioningProfileManager.swift */,
				52FA72330F61FFDADC36797F844EC04A /* ResignTools.swift */,
				1909B5EC82B26B7CE80162C965355595 /* resign.sh */,
			);
			path = Util;
			sourceTree = "<group>";
		};
		4FDA4C3A05668F5694DF384E0ED7D2B5 /* Preview Content */ = {
			isa = PBXGroup;
			children = (
				BDCCCFEAAD213636C70C30BB4595B773 /* Preview Assets.xcassets */,
			);
			path = "Preview Content";
			sourceTree = "<group>";
		};
		7752019ADDB3E90423174040D0A13D39 /* Products */ = {
			isa = PBXGroup;
			children = (
				5E02E6E8D42CDE46D71D10CB3EDC5CEE /* KResign.app */,
			);
			name = Products;
			sourceTree = "<group>";
		};
		80147849011D47BA6EB133D9A1F1052B /* Picker */ = {
			isa = PBXGroup;
			children = (
				02D9BCE33A107F245853D60E851DD965 /* ProvisioningProfilePicker.swift */,
				E73A6F214D61E9C2D37ED3012220600B /* CertificatePicker.swift */,
				0767F6BEA140BA7E4EF9535C28C23764 /* IPAPicker.swift */,
				C63FD58E65D47F679D626BB23595F4CA /* ResultSavePathPicker.swift */,
				CA95FEC2EA3BC8A39DB72794FA85ED30 /* VersionPicker.swift */,
			);
			path = Picker;
			sourceTree = "<group>";
		};
		B48F04A549C003222745F97204864CDD /* Model */ = {
			isa = PBXGroup;
			children = (
				B6CA2F81FCB5D99380A81B6B8BC74E7D /* AppProvisioningProfileInfo.swift */,
				758260349C00B80928D866D93D1365D0 /* Certificate.swift */,
				E74A9DA41FF0685D5835381672AC2161 /* ProvisioningProfile.swift */,
			);
			path = Model;
			sourceTree = "<group>";
		};
/* End PBXGroup section */

/* Begin PBXNativeTarget section */
		55ABDC65DE2147DE900BCD4217822ACD /* KResign */ = {
			isa = PBXNativeTarget;
			buildConfigurationList = 0BC7D0A83408A3AF18697916C52B43AB /* Build configuration list for PBXNativeTarget "KResign" */;
			buildPhases = (
				4BD2E48B33A6D5E0F39AFB6A0984D142 /* Sources */,
				998E1E36680E0171463117B443F6749D /* Frameworks */,
				1736F5AC16EC8D6C9644E1E4683BDEA6 /* Resources */,
			);
			buildRules = (
			);
			dependencies = (
			);
			name = KResign;
			packageProductDependencies = (
				63ECDD0928DB762B00597FC7 /* MobileProvision */,
			);
			productName = KResign;
			productReference = 5E02E6E8D42CDE46D71D10CB3EDC5CEE /* KResign.app */;
			productType = "com.apple.product-type.application";
		};
/* End PBXNativeTarget section */

/* Begin PBXProject section */
		8FCBA4373B1007ECB856CFDD04298BC7 /* Project object */ = {
			isa = PBXProject;
			attributes = {
				LastSwiftUpdateCheck = 1250;
				LastUpgradeCheck = 1400;
				TargetAttributes = {
					55ABDC65DE2147DE900BCD4217822ACD = {
						CreatedOnToolsVersion = 12.5.1;
					};
				};
			};
			buildConfigurationList = B1EEB9275448D397C9D959F4C415E8BF /* Build configuration list for PBXProject "KResign" */;
			compatibilityVersion = "Xcode 11.0";
			developmentRegion = en;
			hasScannedForEncodings = 0;
			knownRegions = (
				en,
				Base,
				"zh-Hans",
			);
			mainGroup = 32FD8391CBB8A20E5151DD88CC024B2B;
			packageReferences = (
				63ECDD0828DB762B00597FC7 /* XCRemoteSwiftPackageReference "MobileProvision" */,
			);
			productRefGroup = 7752019ADDB3E90423174040D0A13D39 /* Products */;
			projectDirPath = "";
			projectRoot = "";
			targets = (
				55ABDC65DE2147DE900BCD4217822ACD /* KResign */,
			);
		};
/* End PBXProject section */

/* Begin PBXResourcesBuildPhase section */
		1736F5AC16EC8D6C9644E1E4683BDEA6 /* Resources */ = {
			isa = PBXResourcesBuildPhase;
			buildActionMask = 2147483647;
			files = (
				BA16172032029FFE59BA848193FDA96C /* Assets.xcassets in Resources */,
				3081D54F19DAE7C107B2972AE11361F4 /* Localizable.strings in Resources */,
				CC33718C0E303919A68F135CB271C8C6 /* Preview Assets.xcassets in Resources */,
				ED77E2D1B612D4789CEC1EA80314A37F /* resign.sh in Resources */,
			);
			runOnlyForDeploymentPostprocessing = 0;
		};
/* End PBXResourcesBuildPhase section */

/* Begin PBXSourcesBuildPhase section */
		4BD2E48B33A6D5E0F39AFB6A0984D142 /* Sources */ = {
			isa = PBXSourcesBuildPhase;
			buildActionMask = 2147483647;
			files = (
				23705820D18535B6321B66EAD20E70EF /* AppProvisioningProfileInfo.swift in Sources */,
				63CD1FB87225CA84AC6DB514816CF522 /* AppProvisioningProfilesGroupView.swift in Sources */,
				492DDEDE5EF037F3F37033B64C2F76BC /* Certificate.swift in Sources */,
				2CF162F9785F8FA7D943A7FA1C58A7E4 /* CertificatePicker.swift in Sources */,
				8054F88643E305BF2BB44C7A7A1A8EF7 /* CertificatesManager.swift in Sources */,
				D46B078CC47E06723D9976C34C16E383 /* Constant.swift in Sources */,
				0810ACB88F8EF259C01C583671819AD8 /* ContentView.swift in Sources */,
				529F2BABA17E7C65C71C2B0364E9DC33 /* FileHelper.swift in Sources */,
				7A082DD44D47CE117934AAE03E86259C /* Formatter.swift in Sources */,
				FC74B23330AF68F343CF91CF43363012 /* IPAPicker.swift in Sources */,
				F7CC2617A7033EFFEBB144DEC1D80EFB /* IPATools.swift in Sources */,
				A311B38272147FDBEC5075C1217DF646 /* KResignApp.swift in Sources */,
				20DB5A6AAF7ED515A6748A8793FEA1BC /* KResignError.swift in Sources */,
				C254374B008A59F3B0764FA519489B28 /* LogView.swift in Sources */,
				E3D1AA3E63EBCA28FCCC2E5EBCBAAFF2 /* Logger.swift in Sources */,
				A921E9AC017710140451DA3899D65632 /* ProvisioningProfile.swift in Sources */,
				5A71FFF25CE426941B3901AB88CCFDC2 /* ProvisioningProfileManager.swift in Sources */,
				F43F6230C9EE8DBE1B90859247F96EB6 /* ProvisioningProfilePicker.swift in Sources */,
				9050F7ABADDC3FB68419BE43C7BF0E21 /* ResignTools.swift in Sources */,
				62B085AAAB0D273ADA8F549BDD14A3FA /* ResultSavePathPicker.swift in Sources */,
				DEF05747C72F9684E701FC360CB21046 /* ToolView.swift in Sources */,
				5883906277035F2EF47811267118C7DF /* VersionPicker.swift in Sources */,
				3EFADB5F4A8C16325F4BD8EB0845578D /* WarningModifier.swift in Sources */,
			);
			runOnlyForDeploymentPostprocessing = 0;
		};
/* End PBXSourcesBuildPhase section */

/* Begin PBXVariantGroup section */
		4CCFCB48DCB5517A6FB4BD22C9C24797 /* Localizable.strings */ = {
			isa = PBXVariantGroup;
			children = (
				E372E773B3A86DFD18B49C244F07447E /* en */,
				3874DADEED95C312A423F5C144530C89 /* zh-Hans */,
			);
			name = Localizable.strings;
			sourceTree = "<group>";
		};
/* End PBXVariantGroup section */

/* Begin XCBuildConfiguration section */
		96BA59BF27DC70D880BC418E1DA4DAC0 /* Release */ = {
			isa = XCBuildConfiguration;
			buildSettings = {
				ALWAYS_SEARCH_USER_PATHS = NO;
				CLANG_ANALYZER_LOCALIZABILITY_NONLOCALIZED = YES;
				CLANG_ANALYZER_NONNULL = YES;
				CLANG_ANALYZER_NUMBER_OBJECT_CONVERSION = YES_AGGRESSIVE;
				CLANG_CXX_LANGUAGE_STANDARD = "gnu++14";
				CLANG_CXX_LIBRARY = "libc++";
				CLANG_ENABLE_MODULES = YES;
				CLANG_ENABLE_OBJC_ARC = YES;
				CLANG_ENABLE_OBJC_WEAK = YES;
				CLANG_WARN_BLOCK_CAPTURE_AUTORELEASING = YES;
				CLANG_WARN_BOOL_CONVERSION = YES;
				CLANG_WARN_COMMA = YES;
				CLANG_WARN_CONSTANT_CONVERSION = YES;
				CLANG_WARN_DEPRECATED_OBJC_IMPLEMENTATIONS = YES;
				CLANG_WARN_DIRECT_OBJC_ISA_USAGE = YES_ERROR;
				CLANG_WARN_DOCUMENTATION_COMMENTS = YES;
				CLANG_WARN_EMPTY_BODY = YES;
				CLANG_WARN_ENUM_CONVERSION = YES;
				CLANG_WARN_INFINITE_RECURSION = YES;
				CLANG_WARN_INT_CONVERSION = YES;
				CLANG_WARN_NON_LITERAL_NULL_CONVERSION = YES;
				CLANG_WARN_OBJC_IMPLICIT_RETAIN_SELF = YES;
				CLANG_WARN_OBJC_LITERAL_CONVERSION = YES;
				CLANG_WARN_OBJC_ROOT_CLASS = YES_ERROR;
				CLANG_WARN_QUOTED_INCLUDE_IN_FRAMEWORK_HEADER = YES;
				CLANG_WARN_RANGE_LOOP_ANALYSIS = YES;
				CLANG_WARN_STRICT_PROTOTYPES = YES;
				CLANG_WARN_SUSPICIOUS_MOVE = YES;
				CLANG_WARN_UNGUARDED_AVAILABILITY = YES_AGGRESSIVE;
				CLANG_WARN_UNREACHABLE_CODE = YES;
				CLANG_WARN__DUPLICATE_METHOD_MATCH = YES;
				COPY_PHASE_STRIP = NO;
				DEAD_CODE_STRIPPING = YES;
				DEBUG_INFORMATION_FORMAT = "dwarf-with-dsym";
				ENABLE_NS_ASSERTIONS = NO;
				ENABLE_STRICT_OBJC_MSGSEND = YES;
				GCC_C_LANGUAGE_STANDARD = gnu11;
				GCC_NO_COMMON_BLOCKS = YES;
				GCC_WARN_64_TO_32_BIT_CONVERSION = YES;
				GCC_WARN_ABOUT_RETURN_TYPE = YES_ERROR;
				GCC_WARN_UNDECLARED_SELECTOR = YES;
				GCC_WARN_UNINITIALIZED_AUTOS = YES_AGGRESSIVE;
				GCC_WARN_UNUSED_FUNCTION = YES;
				GCC_WARN_UNUSED_VARIABLE = YES;
				MACOSX_DEPLOYMENT_TARGET = 11.0;
				MTL_ENABLE_DEBUG_INFO = NO;
				MTL_FAST_MATH = YES;
				SDKROOT = macosx;
				SWIFT_COMPILATION_MODE = wholemodule;
				SWIFT_OPTIMIZATION_LEVEL = "-O";
			};
			name = Release;
		};
		C943E2A44540A150C726657C891EA2DD /* Debug */ = {
			isa = XCBuildConfiguration;
			buildSettings = {
				ASSETCATALOG_COMPILER_APPICON_NAME = AppIcon;
				ASSETCATALOG_COMPILER_GLOBAL_ACCENT_COLOR_NAME = AccentColor;
				CODE_SIGN_ENTITLEMENTS = KResign/KResign.entitlements;
				CODE_SIGN_IDENTITY = "-";
				"CODE_SIGN_IDENTITY[sdk=macosx*]" = "-";
				CODE_SIGN_STYLE = Automatic;
				COMBINE_HIDPI_IMAGES = YES;
				DEAD_CODE_STRIPPING = YES;
				DEVELOPMENT_ASSET_PATHS = "\"KResign/Preview Content\"";
				DEVELOPMENT_TEAM = HV88ACAAR6;
				ENABLE_HARDENED_RUNTIME = NO;
				ENABLE_PREVIEWS = YES;
				INFOPLIST_FILE = KResign/Info.plist;
				LD_RUNPATH_SEARCH_PATHS = (
					"$(inherited)",
					"@executable_path/../Frameworks",
				);
				MACOSX_DEPLOYMENT_TARGET = 11.0;
				PRODUCT_BUNDLE_IDENTIFIER = com.crazyfan.KResign;
				PRODUCT_NAME = "$(TARGET_NAME)";
				SWIFT_VERSION = 5.0;
			};
			name = Debug;
		};
		CEEB9AD6635A2AAEFC5BC2D70A7A99B5 /* Debug */ = {
			isa = XCBuildConfiguration;
			buildSettings = {
				ALWAYS_SEARCH_USER_PATHS = NO;
				CLANG_ANALYZER_LOCALIZABILITY_NONLOCALIZED = YES;
				CLANG_ANALYZER_NONNULL = YES;
				CLANG_ANALYZER_NUMBER_OBJECT_CONVERSION = YES_AGGRESSIVE;
				CLANG_CXX_LANGUAGE_STANDARD = "gnu++14";
				CLANG_CXX_LIBRARY = "libc++";
				CLANG_ENABLE_MODULES = YES;
				CLANG_ENABLE_OBJC_ARC = YES;
				CLANG_ENABLE_OBJC_WEAK = YES;
				CLANG_WARN_BLOCK_CAPTURE_AUTORELEASING = YES;
				CLANG_WARN_BOOL_CONVERSION = YES;
				CLANG_WARN_COMMA = YES;
				CLANG_WARN_CONSTANT_CONVERSION = YES;
				CLANG_WARN_DEPRECATED_OBJC_IMPLEMENTATIONS = YES;
				CLANG_WARN_DIRECT_OBJC_ISA_USAGE = YES_ERROR;
				CLANG_WARN_DOCUMENTATION_COMMENTS = YES;
				CLANG_WARN_EMPTY_BODY = YES;
				CLANG_WARN_ENUM_CONVERSION = YES;
				CLANG_WARN_INFINITE_RECURSION = YES;
				CLANG_WARN_INT_CONVERSION = YES;
				CLANG_WARN_NON_LITERAL_NULL_CONVERSION = YES;
				CLANG_WARN_OBJC_IMPLICIT_RETAIN_SELF = YES;
				CLANG_WARN_OBJC_LITERAL_CONVERSION = YES;
				CLANG_WARN_OBJC_ROOT_CLASS = YES_ERROR;
				CLANG_WARN_QUOTED_INCLUDE_IN_FRAMEWORK_HEADER = YES;
				CLANG_WARN_RANGE_LOOP_ANALYSIS = YES;
				CLANG_WARN_STRICT_PROTOTYPES = YES;
				CLANG_WARN_SUSPICIOUS_MOVE = YES;
				CLANG_WARN_UNGUARDED_AVAILABILITY = YES_AGGRESSIVE;
				CLANG_WARN_UNREACHABLE_CODE = YES;
				CLANG_WARN__DUPLICATE_METHOD_MATCH = YES;
				COPY_PHASE_STRIP = NO;
				DEAD_CODE_STRIPPING = YES;
				DEBUG_INFORMATION_FORMAT = dwarf;
				ENABLE_STRICT_OBJC_MSGSEND = YES;
				ENABLE_TESTABILITY = YES;
				GCC_C_LANGUAGE_STANDARD = gnu11;
				GCC_DYNAMIC_NO_PIC = NO;
				GCC_NO_COMMON_BLOCKS = YES;
				GCC_OPTIMIZATION_LEVEL = 0;
				GCC_PREPROCESSOR_DEFINITIONS = (
					"DEBUG=1",
					"$(inherited)",
				);
				GCC_WARN_64_TO_32_BIT_CONVERSION = YES;
				GCC_WARN_ABOUT_RETURN_TYPE = YES_ERROR;
				GCC_WARN_UNDECLARED_SELECTOR = YES;
				GCC_WARN_UNINITIALIZED_AUTOS = YES_AGGRESSIVE;
				GCC_WARN_UNUSED_FUNCTION = YES;
				GCC_WARN_UNUSED_VARIABLE = YES;
				MACOSX_DEPLOYMENT_TARGET = 11.0;
				MTL_ENABLE_DEBUG_INFO = INCLUDE_SOURCE;
				MTL_FAST_MATH = YES;
				ONLY_ACTIVE_ARCH = YES;
				SDKROOT = macosx;
				SWIFT_ACTIVE_COMPILATION_CONDITIONS = DEBUG;
				SWIFT_OPTIMIZATION_LEVEL = "-Onone";
			};
			name = Debug;
		};
		E897614954394688E49112766FCE2553 /* Release */ = {
			isa = XCBuildConfiguration;
			buildSettings = {
				ASSETCATALOG_COMPILER_APPICON_NAME = AppIcon;
				ASSETCATALOG_COMPILER_GLOBAL_ACCENT_COLOR_NAME = AccentColor;
				CODE_SIGN_ENTITLEMENTS = KResign/KResign.entitlements;
				CODE_SIGN_IDENTITY = "-";
				"CODE_SIGN_IDENTITY[sdk=macosx*]" = "-";
				CODE_SIGN_STYLE = Automatic;
				COMBINE_HIDPI_IMAGES = YES;
				DEAD_CODE_STRIPPING = YES;
				DEVELOPMENT_ASSET_PATHS = "\"KResign/Preview Content\"";
				DEVELOPMENT_TEAM = HV88ACAAR6;
				ENABLE_HARDENED_RUNTIME = NO;
				ENABLE_PREVIEWS = YES;
				GCC_OPTIMIZATION_LEVEL = fast;
				INFOPLIST_FILE = KResign/Info.plist;
				LD_RUNPATH_SEARCH_PATHS = (
					"$(inherited)",
					"@executable_path/../Frameworks",
				);
				MACOSX_DEPLOYMENT_TARGET = 11.0;
				PRODUCT_BUNDLE_IDENTIFIER = com.crazyfan.KResign;
				PRODUCT_NAME = "$(TARGET_NAME)";
				SWIFT_VERSION = 5.0;
			};
			name = Release;
		};
/* End XCBuildConfiguration section */

/* Begin XCConfigurationList section */
		0BC7D0A83408A3AF18697916C52B43AB /* Build configuration list for PBXNativeTarget "KResign" */ = {
			isa = XCConfigurationList;
			buildConfigurations = (
				C943E2A44540A150C726657C891EA2DD /* Debug */,
				E897614954394688E49112766FCE2553 /* Release */,
			);
			defaultConfigurationIsVisible = 0;
			defaultConfigurationName = Release;
		};
		B1EEB9275448D397C9D959F4C415E8BF /* Build configuration list for PBXProject "KResign" */ = {
			isa = XCConfigurationList;
			buildConfigurations = (
				CEEB9AD6635A2AAEFC5BC2D70A7A99B5 /* Debug */,
				96BA59BF27DC70D880BC418E1DA4DAC0 /* Release */,
			);
			defaultConfigurationIsVisible = 0;
			defaultConfigurationName = Release;
		};
/* End XCConfigurationList section */

/* Begin XCRemoteSwiftPackageReference section */
		63ECDD0828DB762B00597FC7 /* XCRemoteSwiftPackageReference "MobileProvision" */ = {
			isa = XCRemoteSwiftPackageReference;
			repositoryURL = "git@github.com:CrazyFanFan/MobileProvision.git";
			requirement = {
				kind = upToNextMajorVersion;
				minimumVersion = 0.0.3;
			};
		};
/* End XCRemoteSwiftPackageReference section */

/* Begin XCSwiftPackageProductDependency section */
		63ECDD0928DB762B00597FC7 /* MobileProvision */ = {
			isa = XCSwiftPackageProductDependency;
			package = 63ECDD0828DB762B00597FC7 /* XCRemoteSwiftPackageReference "MobileProvision" */;
			productName = MobileProvision;
		};
/* End XCSwiftPackageProductDependency section */
	};
	rootObject = 8FCBA4373B1007ECB856CFDD04298BC7 /* Project object */;
}
